
Microsoft Visual Studio Solution File, Format Version 12.00
# Visual Studio Version 17
VisualStudioVersion = 17.14.37012.4
MinimumVisualStudioVersion = 10.0.40219.1
Project("{FAE04EC0-301F-11D3-BF4B-00C04F79EFBC}") = "TLSServer", "TLSServer\TLSServer.csproj", "{4D2307AC-2124-4A27-9005-E4D924B0846A}"
EndProject
Project("{D954291E-2A0B-460D-934E-DC6B0785DB48}") = "Open-TLS1.3", "TLS\Open-TLS1.3.shproj", "{03C12519-FB0B-4C22-9179-26BC2AE0F791}"
EndProject
Project("{FAE04EC0-301F-11D3-BF4B-00C04F79EFBC}") = "TLSClient", "TLSClient\TLSClient.csproj", "{71C8122E-248E-4617-B04E-76374316DD44}"
EndProject
Project("{FAE04EC0-301F-11D3-BF4B-00C04F79EFBC}") = "TLSClientAsync", "TLSClientAsync\TLSClientAsync.csproj", "{E8A78997-B804-4D00-BF46-133D3927F587}"
EndProject
Project("{FAE04EC0-301F-11D3-BF4B-00C04F79EFBC}") = "TLSServerAsync", "TLSServerAsync\TLSServerAsync.csproj", "{16A39436-D754-426D-B411-104876798508}"
EndProject
Project("{FAE04EC0-301F-11D3-BF4B-00C04F79EFBC}") = "Tests", "Tests\Tests.csproj", "{759EC0B1-0F21-40C0-8129-EFE165A6796E}"
EndProject
Global
	GlobalSection(SolutionConfigurationPlatforms) = preSolution
		Debug|Any CPU = Debug|Any CPU
		Debug|x64 = Debug|x64
		Debug|x86 = Debug|x86
		Release|Any CPU = Release|Any CPU
		Release|x64 = Release|x64
		Release|x86 = Release|x86
	EndGlobalSection
	GlobalSection(ProjectConfigurationPlatforms) = postSolution
		{4D2307AC-2124-4A27-9005-E4D924B0846A}.Debug|Any CPU.ActiveCfg = Debug|Any CPU
		{4D2307AC-2124-4A27-9005-E4D924B0846A}.Debug|Any CPU.Build.0 = Debug|Any CPU
		{4D2307AC-2124-4A27-9005-E4D924B0846A}.Debug|x64.ActiveCfg = Debug|Any CPU
		{4D2307AC-2124-4A27-9005-E4D924B0846A}.Debug|x64.Build.0 = Debug|Any CPU
		{4D2307AC-2124-4A27-9005-E4D924B0846A}.Debug|x86.ActiveCfg = Debug|Any CPU
		{4D2307AC-2124-4A27-9005-E4D924B0846A}.Debug|x86.Build.0 = Debug|Any CPU
		{4D2307AC-2124-4A27-9005-E4D924B0846A}.Release|Any CPU.ActiveCfg = Release|Any CPU
		{4D2307AC-2124-4A27-9005-E4D924B0846A}.Release|Any CPU.Build.0 = Release|Any CPU
		{4D2307AC-2124-4A27-9005-E4D924B0846A}.Release|x64.ActiveCfg = Release|Any CPU
		{4D2307AC-2124-4A27-9005-E4D924B0846A}.Release|x64.Build.0 = Release|Any CPU
		{4D2307AC-2124-4A27-9005-E4D924B0846A}.Release|x86.ActiveCfg = Release|Any CPU
		{4D2307AC-2124-4A27-9005-E4D924B0846A}.Release|x86.Build.0 = Release|Any CPU
		{71C8122E-248E-4617-B04E-76374316DD44}.Debug|Any CPU.ActiveCfg = Debug|Any CPU
		{71C8122E-248E-4617-B04E-76374316DD44}.Debug|Any CPU.Build.0 = Debug|Any CPU
		{71C8122E-248E-4617-B04E-76374316DD44}.Debug|x64.ActiveCfg = Debug|Any CPU
		{71C8122E-248E-4617-B04E-76374316DD44}.Debug|x64.Build.0 = Debug|Any CPU
		{71C8122E-248E-4617-B04E-76374316DD44}.Debug|x86.ActiveCfg = Debug|Any CPU
		{71C8122E-248E-4617-B04E-76374316DD44}.Debug|x86.Build.0 = Debug|Any CPU
		{71C8122E-248E-4617-B04E-76374316DD44}.Release|Any CPU.ActiveCfg = Release|Any CPU
		{71C8122E-248E-4617-B04E-76374316DD44}.Release|Any CPU.Build.0 = Release|Any CPU
		{71C8122E-248E-4617-B04E-76374316DD44}.Release|x64.ActiveCfg = Release|Any CPU
		{71C8122E-248E-4617-B04E-76374316DD44}.Release|x64.Build.0 = Release|Any CPU
		{71C8122E-248E-4617-B04E-76374316DD44}.Release|x86.ActiveCfg = Release|Any CPU
		{71C8122E-248E-4617-B04E-76374316DD44}.Release|x86.Build.0 = Release|Any CPU
		{E8A78997-B804-4D00-BF46-133D3927F587}.Debug|Any CPU.ActiveCfg = Debug|Any CPU
		{E8A78997-B804-4D00-BF46-133D3927F587}.Debug|Any CPU.Build.0 = Debug|Any CPU
		{E8A78997-B804-4D00-BF46-133D3927F587}.Debug|x64.ActiveCfg = Debug|Any CPU
		{E8A78997-B804-4D00-BF46-133D3927F587}.Debug|x64.Build.0 = Debug|Any CPU
		{E8A78997-B804-4D00-BF46-133D3927F587}.Debug|x86.ActiveCfg = Debug|Any CPU
		{E8A78997-B804-4D00-BF46-133D3927F587}.Debug|x86.Build.0 = Debug|Any CPU
		{E8A78997-B804-4D00-BF46-133D3927F587}.Release|Any CPU.ActiveCfg = Release|Any CPU
		{E8A78997-B804-4D00-BF46-133D3927F587}.Release|Any CPU.Build.0 = Release|Any CPU
		{E8A78997-B804-4D00-BF46-133D3927F587}.Release|x64.ActiveCfg = Release|Any CPU
		{E8A78997-B804-4D00-BF46-133D3927F587}.Release|x64.Build.0 = Release|Any CPU
		{E8A78997-B804-4D00-BF46-133D3927F587}.Release|x86.ActiveCfg = Release|Any CPU
		{E8A78997-B804-4D00-BF46-133D3927F587}.Release|x86.Build.0 = Release|Any CPU
		{16A39436-D754-426D-B411-104876798508}.Debug|Any CPU.ActiveCfg = Debug|Any CPU
		{16A39436-D754-426D-B411-104876798508}.Debug|Any CPU.Build.0 = Debug|Any CPU
		{16A39436-D754-426D-B411-104876798508}.Debug|x64.ActiveCfg = Debug|Any CPU
		{16A39436-D754-426D-B411-104876798508}.Debug|x64.Build.0 = Debug|Any CPU
		{16A39436-D754-426D-B411-104876798508}.Debug|x86.ActiveCfg = Debug|Any CPU
		{16A39436-D754-426D-B411-104876798508}.Debug|x86.Build.0 = Debug|Any CPU
		{16A39436-D754-426D-B411-104876798508}.Release|Any CPU.ActiveCfg = Release|Any CPU
		{16A39436-D754-426D-B411-104876798508}.Release|Any CPU.Build.0 = Release|Any CPU
		{16A39436-D754-426D-B411-104876798508}.Release|x64.ActiveCfg = Release|Any CPU
		{16A39436-D754-426D-B411-104876798508}.Release|x64.Build.0 = Release|Any CPU
		{16A39436-D754-426D-B411-104876798508}.Release|x86.ActiveCfg = Release|Any CPU
		{16A39436-D754-426D-B411-104876798508}.Release|x86.Build.0 = Release|Any CPU
		{759EC0B1-0F21-40C0-8129-EFE165A6796E}.Debug|Any CPU.ActiveCfg = Debug|Any CPU
		{759EC0B1-0F21-40C0-8129-EFE165A6796E}.Debug|Any CPU.Build.0 = Debug|Any CPU
		{759EC0B1-0F21-40C0-8129-EFE165A6796E}.Debug|x64.ActiveCfg = Debug|Any CPU
		{759EC0B1-0F21-40C0-8129-EFE165A6796E}.Debug|x64.Build.0 = Debug|Any CPU
		{759EC0B1-0F21-40C0-8129-EFE165A6796E}.Debug|x86.ActiveCfg = Debug|Any CPU
		{759EC0B1-0F21-40C0-8129-EFE165A6796E}.Debug|x86.Build.0 = Debug|Any CPU
		{759EC0B1-0F21-40C0-8129-EFE165A6796E}.Release|Any CPU.ActiveCfg = Release|Any CPU
		{759EC0B1-0F21-40C0-8129-EFE165A6796E}.Release|Any CPU.Build.0 = Release|Any CPU
		{759EC0B1-0F21-40C0-8129-EFE165A6796E}.Release|x64.ActiveCfg = Release|Any CPU
		{759EC0B1-0F21-40C0-8129-EFE165A6796E}.Release|x64.Build.0 = Release|Any CPU
		{759EC0B1-0F21-40C0-8129-EFE165A6796E}.Release|x86.ActiveCfg = Release|Any CPU
		{759EC0B1-0F21-40C0-8129-EFE165A6796E}.Release|x86.Build.0 = Release|Any CPU
	EndGlobalSection
	GlobalSection(SolutionProperties) = preSolution
		HideSolutionNode = FALSE
	EndGlobalSection
	GlobalSection(ExtensibilityGlobals) = postSolution
		SolutionGuid = {D9C1D0EB-EBA1-4B39-AD47-BD79E2D11CFE}
	EndGlobalSection
	GlobalSection(SharedMSBuildProjectFiles) = preSolution
		TLS\TLS.projitems*{03c12519-fb0b-4c22-9179-26bc2ae0f791}*SharedItemsImports = 13
		TLS\TLS.projitems*{16a39436-d754-426d-b411-104876798508}*SharedItemsImports = 5
		TLS\TLS.projitems*{4d2307ac-2124-4a27-9005-e4d924b0846a}*SharedItemsImports = 5
		TLS\TLS.projitems*{71c8122e-248e-4617-b04e-76374316dd44}*SharedItemsImports = 5
		TLS\TLS.projitems*{759ec0b1-0f21-40c0-8129-efe165a6796e}*SharedItemsImports = 5
		TLS\TLS.projitems*{e8a78997-b804-4d00-bf46-133d3927f587}*SharedItemsImports = 5
	EndGlobalSection
EndGlobal
